// !$*UTF8*$!
{
	archiveVersion = 1;
	classes = {
	};
	objectVersion = 55;
	objects = {

/* Begin PBXBuildFile section */
		FA5E956A2890055000EE6704 /* LoginView.swift in Sources */ = {isa = PBXBuildFile; fileRef = FA5E95692890055000EE6704 /* LoginView.swift */; };
		FA5E956C2890056200EE6704 /* LoginViewModel.swift in Sources */ = {isa = PBXBuildFile; fileRef = FA5E956B2890056200EE6704 /* LoginViewModel.swift */; };
		FA5E956E2890056D00EE6704 /* User.swift in Sources */ = {isa = PBXBuildFile; fileRef = FA5E956D2890056D00EE6704 /* User.swift */; };
		FA5E957228904F9200EE6704 /* HomeView.swift in Sources */ = {isa = PBXBuildFile; fileRef = FA5E957128904F9200EE6704 /* HomeView.swift */; };
		FA5E957528905E7200EE6704 /* LocationManager.swift in Sources */ = {isa = PBXBuildFile; fileRef = FA5E957428905E7200EE6704 /* LocationManager.swift */; };
		FAA03939288F0E6D00DEF816 /* LocationApp.swift in Sources */ = {isa = PBXBuildFile; fileRef = FAA03938288F0E6D00DEF816 /* LocationApp.swift */; };
		FAA0393B288F0E6D00DEF816 /* ContentView.swift in Sources */ = {isa = PBXBuildFile; fileRef = FAA0393A288F0E6D00DEF816 /* ContentView.swift */; };
		FAA0393D288F0E7200DEF816 /* Assets.xcassets in Resources */ = {isa = PBXBuildFile; fileRef = FAA0393C288F0E7200DEF816 /* Assets.xcassets */; };
		FAA03940288F0E7200DEF816 /* Preview Assets.xcassets in Resources */ = {isa = PBXBuildFile; fileRef = FAA0393F288F0E7200DEF816 /* Preview Assets.xcassets */; };
		FAAC652C28919E6B000F44B1 /* DataInformation.json in Resources */ = {isa = PBXBuildFile; fileRef = FAAC652B28919E6B000F44B1 /* DataInformation.json */; };
		FAAC652E28919F5B000F44B1 /* HomeViewModel.swift in Sources */ = {isa = PBXBuildFile; fileRef = FAAC652D28919F5B000F44B1 /* HomeViewModel.swift */; };
		FAB7673D2893CBF500139DE6 /* SignupView.swift in Sources */ = {isa = PBXBuildFile; fileRef = FAB7673C2893CBF500139DE6 /* SignupView.swift */; };
		FAC4FED8289121F200A82119 /* MockApi.swift in Sources */ = {isa = PBXBuildFile; fileRef = FAC4FED7289121F200A82119 /* MockApi.swift */; };
		FAC4FEDB289124C000A82119 /* DataInformation.swift in Sources */ = {isa = PBXBuildFile; fileRef = FAC4FEDA289124C000A82119 /* DataInformation.swift */; };
/* End PBXBuildFile section */

/* Begin PBXFileReference section */
		FA5E95692890055000EE6704 /* LoginView.swift */ = {isa = PBXFileReference; lastKnownFileType = sourcecode.swift; path = LoginView.swift; sourceTree = "<group>"; };
		FA5E956B2890056200EE6704 /* LoginViewModel.swift */ = {isa = PBXFileReference; lastKnownFileType = sourcecode.swift; path = LoginViewModel.swift; sourceTree = "<group>"; };
		FA5E956D2890056D00EE6704 /* User.swift */ = {isa = PBXFileReference; lastKnownFileType = sourcecode.swift; path = User.swift; sourceTree = "<group>"; };
		FA5E957128904F9200EE6704 /* HomeView.swift */ = {isa = PBXFileReference; lastKnownFileType = sourcecode.swift; path = HomeView.swift; sourceTree = "<group>"; };
		FA5E957428905E7200EE6704 /* LocationManager.swift */ = {isa = PBXFileReference; lastKnownFileType = sourcecode.swift; path = LocationManager.swift; sourceTree = "<group>"; };
		FAA03935288F0E6D00DEF816 /* Location.app */ = {isa = PBXFileReference; explicitFileType = wrapper.application; includeInIndex = 0; path = Location.app; sourceTree = BUILT_PRODUCTS_DIR; };
		FAA03938288F0E6D00DEF816 /* LocationApp.swift */ = {isa = PBXFileReference; lastKnownFileType = sourcecode.swift; path = LocationApp.swift; sourceTree = "<group>"; };
		FAA0393A288F0E6D00DEF816 /* ContentView.swift */ = {isa = PBXFileReference; lastKnownFileType = sourcecode.swift; path = ContentView.swift; sourceTree = "<group>"; };
		FAA0393C288F0E7200DEF816 /* Assets.xcassets */ = {isa = PBXFileReference; lastKnownFileType = folder.assetcatalog; path = Assets.xcassets; sourceTree = "<group>"; };
		FAA0393F288F0E7200DEF816 /* Preview Assets.xcassets */ = {isa = PBXFileReference; lastKnownFileType = folder.assetcatalog; path = "Preview Assets.xcassets"; sourceTree = "<group>"; };
		FAAC652B28919E6B000F44B1 /* DataInformation.json */ = {isa = PBXFileReference; lastKnownFileType = text.json; path = DataInformation.json; sourceTree = "<group>"; };
		FAAC652D28919F5B000F44B1 /* HomeViewModel.swift */ = {isa = PBXFileReference; lastKnownFileType = sourcecode.swift; path = HomeViewModel.swift; sourceTree = "<group>"; };
		FAB7673C2893CBF500139DE6 /* SignupView.swift */ = {isa = PBXFileReference; lastKnownFileType = sourcecode.swift; path = SignupView.swift; sourceTree = "<group>"; };
		FAC4FED7289121F200A82119 /* MockApi.swift */ = {isa = PBXFileReference; lastKnownFileType = sourcecode.swift; path = MockApi.swift; sourceTree = "<group>"; };
		FAC4FEDA289124C000A82119 /* DataInformation.swift */ = {isa = PBXFileReference; lastKnownFileType = sourcecode.swift; path = DataInformation.swift; sourceTree = "<group>"; };
/* End PBXFileReference section */

/* Begin PBXFrameworksBuildPhase section */
		FAA03932288F0E6D00DEF816 /* Frameworks */ = {
			isa = PBXFrameworksBuildPhase;
			buildActionMask = 2147483647;
			files = (
			);
			runOnlyForDeploymentPostprocessing = 0;
		};
/* End PBXFrameworksBuildPhase section */

/* Begin PBXGroup section */
		FA5E9563289004EB00EE6704 /* Feature */ = {
			isa = PBXGroup;
			children = (
				FAB767392893CBC400139DE6 /* Signup */,
				FA5E956F28904E9100EE6704 /* Home */,
				FA5E95642890051F00EE6704 /* Login */,
			);
			path = Feature;
			sourceTree = "<group>";
		};
		FA5E95642890051F00EE6704 /* Login */ = {
			isa = PBXGroup;
			children = (
				FA5E95682890053F00EE6704 /* Model */,
				FA5E95672890053600EE6704 /* ViewModel */,
				FA5E95652890052600EE6704 /* View */,
			);
			path = Login;
			sourceTree = "<group>";
		};
		FA5E95652890052600EE6704 /* View */ = {
			isa = PBXGroup;
			children = (
				FA5E95692890055000EE6704 /* LoginView.swift */,
			);
			path = View;
			sourceTree = "<group>";
		};
		FA5E95672890053600EE6704 /* ViewModel */ = {
			isa = PBXGroup;
			children = (
				FA5E956B2890056200EE6704 /* LoginViewModel.swift */,
			);
			path = ViewModel;
			sourceTree = "<group>";
		};
		FA5E95682890053F00EE6704 /* Model */ = {
			isa = PBXGroup;
			children = (
				FA5E956D2890056D00EE6704 /* User.swift */,
			);
			path = Model;
			sourceTree = "<group>";
		};
		FA5E956F28904E9100EE6704 /* Home */ = {
			isa = PBXGroup;
			children = (
				FA5E957328905E5800EE6704 /* ViewModel */,
				FA5E957028904F8300EE6704 /* View */,
			);
			path = Home;
			sourceTree = "<group>";
		};
		FA5E957028904F8300EE6704 /* View */ = {
			isa = PBXGroup;
			children = (
				FA5E957128904F9200EE6704 /* HomeView.swift */,
			);
			path = View;
			sourceTree = "<group>";
		};
		FA5E957328905E5800EE6704 /* ViewModel */ = {
			isa = PBXGroup;
			children = (
				FA5E957428905E7200EE6704 /* LocationManager.swift */,
				FAAC652D28919F5B000F44B1 /* HomeViewModel.swift */,
			);
			path = ViewModel;
			sourceTree = "<group>";
		};
		FAA0392C288F0E6D00DEF816 = {
			isa = PBXGroup;
			children = (
				FAA03937288F0E6D00DEF816 /* Location */,
				FAA03936288F0E6D00DEF816 /* Products */,
			);
			sourceTree = "<group>";
		};
		FAA03936288F0E6D00DEF816 /* Products */ = {
			isa = PBXGroup;
			children = (
				FAA03935288F0E6D00DEF816 /* Location.app */,
			);
			name = Products;
			sourceTree = "<group>";
		};
		FAA03937288F0E6D00DEF816 /* Location */ = {
			isa = PBXGroup;
			children = (
				FAC4FED52891218C00A82119 /* Network */,
				FA5E9563289004EB00EE6704 /* Feature */,
				FAA03938288F0E6D00DEF816 /* LocationApp.swift */,
				FAA0393A288F0E6D00DEF816 /* ContentView.swift */,
				FAA0393C288F0E7200DEF816 /* Assets.xcassets */,
				FAA0393E288F0E7200DEF816 /* Preview Content */,
			);
			path = Location;
			sourceTree = "<group>";
		};
		FAA0393E288F0E7200DEF816 /* Preview Content */ = {
			isa = PBXGroup;
			children = (
				FAA0393F288F0E7200DEF816 /* Preview Assets.xcassets */,
			);
			path = "Preview Content";
			sourceTree = "<group>";
		};
		FAAC652A28919E44000F44B1 /* LocalData */ = {
			isa = PBXGroup;
			children = (
				FAAC652B28919E6B000F44B1 /* DataInformation.json */,
			);
			path = LocalData;
			sourceTree = "<group>";
		};
		FAB767392893CBC400139DE6 /* Signup */ = {
			isa = PBXGroup;
			children = (
				FAB7673B2893CBE600139DE6 /* View */,
			);
			path = Signup;
			sourceTree = "<group>";
		};
		FAB7673B2893CBE600139DE6 /* View */ = {
			isa = PBXGroup;
			children = (
				FAB7673C2893CBF500139DE6 /* SignupView.swift */,
			);
			path = View;
			sourceTree = "<group>";
		};
		FAC4FED52891218C00A82119 /* Network */ = {
			isa = PBXGroup;
			children = (
				FAAC652A28919E44000F44B1 /* LocalData */,
				FAC4FED92891229F00A82119 /* Model */,
				FAC4FED7289121F200A82119 /* MockApi.swift */,
			);
			path = Network;
			sourceTree = "<group>";
		};
		FAC4FED92891229F00A82119 /* Model */ = {
			isa = PBXGroup;
			children = (
				FAC4FEDA289124C000A82119 /* DataInformation.swift */,
			);
			path = Model;
			sourceTree = "<group>";
		};
/* End PBXGroup section */

/* Begin PBXNativeTarget section */
		FAA03934288F0E6D00DEF816 /* Location */ = {
			isa = PBXNativeTarget;
			buildConfigurationList = FAA03943288F0E7200DEF816 /* Build configuration list for PBXNativeTarget "Location" */;
			buildPhases = (
				FAA03931288F0E6D00DEF816 /* Sources */,
				FAA03932288F0E6D00DEF816 /* Frameworks */,
				FAA03933288F0E6D00DEF816 /* Resources */,
			);
			buildRules = (
			);
			dependencies = (
			);
			name = Location;
			productName = Location;
			productReference = FAA03935288F0E6D00DEF816 /* Location.app */;
			productType = "com.apple.product-type.application";
		};
/* End PBXNativeTarget section */

/* Begin PBXProject section */
		FAA0392D288F0E6D00DEF816 /* Project object */ = {
			isa = PBXProject;
			attributes = {
				BuildIndependentTargetsInParallel = 1;
				LastSwiftUpdateCheck = 1340;
				LastUpgradeCheck = 1340;
				TargetAttributes = {
					FAA03934288F0E6D00DEF816 = {
						CreatedOnToolsVersion = 13.4.1;
					};
				};
			};
			buildConfigurationList = FAA03930288F0E6D00DEF816 /* Build configuration list for PBXProject "Location" */;
			compatibilityVersion = "Xcode 13.0";
			developmentRegion = en;
			hasScannedForEncodings = 0;
			knownRegions = (
				en,
				Base,
			);
			mainGroup = FAA0392C288F0E6D00DEF816;
			productRefGroup = FAA03936288F0E6D00DEF816 /* Products */;
			projectDirPath = "";
			projectRoot = "";
			targets = (
				FAA03934288F0E6D00DEF816 /* Location */,
			);
		};
/* End PBXProject section */

/* Begin PBXResourcesBuildPhase section */
		FAA03933288F0E6D00DEF816 /* Resources */ = {
			isa = PBXResourcesBuildPhase;
			buildActionMask = 2147483647;
			files = (
				FAAC652C28919E6B000F44B1 /* DataInformation.json in Resources */,
				FAA03940288F0E7200DEF816 /* Preview Assets.xcassets in Resources */,
				FAA0393D288F0E7200DEF816 /* Assets.xcassets in Resources */,
			);
			runOnlyForDeploymentPostprocessing = 0;
		};
/* End PBXResourcesBuildPhase section */

/* Begin PBXSourcesBuildPhase section */
		FAA03931288F0E6D00DEF816 /* Sources */ = {
			isa = PBXSourcesBuildPhase;
			buildActionMask = 2147483647;
			files = (
				FA5E956C2890056200EE6704 /* LoginViewModel.swift in Sources */,
				FA5E956A2890055000EE6704 /* LoginView.swift in Sources */,
				FAA0393B288F0E6D00DEF816 /* ContentView.swift in Sources */,
				FAAC652E28919F5B000F44B1 /* HomeViewModel.swift in Sources */,
				FA5E957528905E7200EE6704 /* LocationManager.swift in Sources */,
				FAC4FED8289121F200A82119 /* MockApi.swift in Sources */,
				FA5E957228904F9200EE6704 /* HomeView.swift in Sources */,
				FA5E956E2890056D00EE6704 /* User.swift in Sources */,
				FAC4FEDB289124C000A82119 /* DataInformation.swift in Sources */,
				FAB7673D2893CBF500139DE6 /* SignupView.swift in Sources */,
				FAA03939288F0E6D00DEF816 /* LocationApp.swift in Sources */,
			);
			runOnlyForDeploymentPostprocessing = 0;
		};
/* End PBXSourcesBuildPhase section */

/* Begin XCBuildConfiguration section */
		FAA03941288F0E7200DEF816 /* Debug */ = {
			isa = XCBuildConfiguration;
			buildSettings = {
				ALWAYS_SEARCH_USER_PATHS = NO;
				CLANG_ANALYZER_NONNULL = YES;
				CLANG_ANALYZER_NUMBER_OBJECT_CONVERSION = YES_AGGRESSIVE;
				CLANG_CXX_LANGUAGE_STANDARD = "gnu++17";
				CLANG_ENABLE_MODULES = YES;
				CLANG_ENABLE_OBJC_ARC = YES;
				CLANG_ENABLE_OBJC_WEAK = YES;
				CLANG_WARN_BLOCK_CAPTURE_AUTORELEASING = YES;
				CLANG_WARN_BOOL_CONVERSION = YES;
				CLANG_WARN_COMMA = YES;
				CLANG_WARN_CONSTANT_CONVERSION = YES;
				CLANG_WARN_DEPRECATED_OBJC_IMPLEMENTATIONS = YES;
				CLANG_WARN_DIRECT_OBJC_ISA_USAGE = YES_ERROR;
				CLANG_WARN_DOCUMENTATION_COMMENTS = YES;
				CLANG_WARN_EMPTY_BODY = YES;
				CLANG_WARN_ENUM_CONVERSION = YES;
				CLANG_WARN_INFINITE_RECURSION = YES;
				CLANG_WARN_INT_CONVERSION = YES;
				CLANG_WARN_NON_LITERAL_NULL_CONVERSION = YES;
				CLANG_WARN_OBJC_IMPLICIT_RETAIN_SELF = YES;
				CLANG_WARN_OBJC_LITERAL_CONVERSION = YES;
				CLANG_WARN_OBJC_ROOT_CLASS = YES_ERROR;
				CLANG_WARN_QUOTED_INCLUDE_IN_FRAMEWORK_HEADER = YES;
				CLANG_WARN_RANGE_LOOP_ANALYSIS = YES;
				CLANG_WARN_STRICT_PROTOTYPES = YES;
				CLANG_WARN_SUSPICIOUS_MOVE = YES;
				CLANG_WARN_UNGUARDED_AVAILABILITY = YES_AGGRESSIVE;
				CLANG_WARN_UNREACHABLE_CODE = YES;
				CLANG_WARN__DUPLICATE_METHOD_MATCH = YES;
				COPY_PHASE_STRIP = NO;
				DEBUG_INFORMATION_FORMAT = dwarf;
				ENABLE_STRICT_OBJC_MSGSEND = YES;
				ENABLE_TESTABILITY = YES;
				GCC_C_LANGUAGE_STANDARD = gnu11;
				GCC_DYNAMIC_NO_PIC = NO;
				GCC_NO_COMMON_BLOCKS = YES;
				GCC_OPTIMIZATION_LEVEL = 0;
				GCC_PREPROCESSOR_DEFINITIONS = (
					"DEBUG=1",
					"$(inherited)",
				);
				GCC_WARN_64_TO_32_BIT_CONVERSION = YES;
				GCC_WARN_ABOUT_RETURN_TYPE = YES_ERROR;
				GCC_WARN_UNDECLARED_SELECTOR = YES;
				GCC_WARN_UNINITIALIZED_AUTOS = YES_AGGRESSIVE;
				GCC_WARN_UNUSED_FUNCTION = YES;
				GCC_WARN_UNUSED_VARIABLE = YES;
				IPHONEOS_DEPLOYMENT_TARGET = 15.5;
				MTL_ENABLE_DEBUG_INFO = INCLUDE_SOURCE;
				MTL_FAST_MATH = YES;
				ONLY_ACTIVE_ARCH = YES;
				SDKROOT = iphoneos;
				SWIFT_ACTIVE_COMPILATION_CONDITIONS = DEBUG;
				SWIFT_OPTIMIZATION_LEVEL = "-Onone";
			};
			name = Debug;
		};
		FAA03942288F0E7200DEF816 /* Release */ = {
			isa = XCBuildConfiguration;
			buildSettings = {
				ALWAYS_SEARCH_USER_PATHS = NO;
				CLANG_ANALYZER_NONNULL = YES;
				CLANG_ANALYZER_NUMBER_OBJECT_CONVERSION = YES_AGGRESSIVE;
				CLANG_CXX_LANGUAGE_STANDARD = "gnu++17";
				CLANG_ENABLE_MODULES = YES;
				CLANG_ENABLE_OBJC_ARC = YES;
				CLANG_ENABLE_OBJC_WEAK = YES;
				CLANG_WARN_BLOCK_CAPTURE_AUTORELEASING = YES;
				CLANG_WARN_BOOL_CONVERSION = YES;
				CLANG_WARN_COMMA = YES;
				CLANG_WARN_CONSTANT_CONVERSION = YES;
				CLANG_WARN_DEPRECATED_OBJC_IMPLEMENTATIONS = YES;
				CLANG_WARN_DIRECT_OBJC_ISA_USAGE = YES_ERROR;
				CLANG_WARN_DOCUMENTATION_COMMENTS = YES;
				CLANG_WARN_EMPTY_BODY = YES;
				CLANG_WARN_ENUM_CONVERSION = YES;
				CLANG_WARN_INFINITE_RECURSION = YES;
				CLANG_WARN_INT_CONVERSION = YES;
				CLANG_WARN_NON_LITERAL_NULL_CONVERSION = YES;
				CLANG_WARN_OBJC_IMPLICIT_RETAIN_SELF = YES;
				CLANG_WARN_OBJC_LITERAL_CONVERSION = YES;
				CLANG_WARN_OBJC_ROOT_CLASS = YES_ERROR;
				CLANG_WARN_QUOTED_INCLUDE_IN_FRAMEWORK_HEADER = YES;
				CLANG_WARN_RANGE_LOOP_ANALYSIS = YES;
				CLANG_WARN_STRICT_PROTOTYPES = YES;
				CLANG_WARN_SUSPICIOUS_MOVE = YES;
				CLANG_WARN_UNGUARDED_AVAILABILITY = YES_AGGRESSIVE;
				CLANG_WARN_UNREACHABLE_CODE = YES;
				CLANG_WARN__DUPLICATE_METHOD_MATCH = YES;
				COPY_PHASE_STRIP = NO;
				DEBUG_INFORMATION_FORMAT = "dwarf-with-dsym";
				ENABLE_NS_ASSERTIONS = NO;
				ENABLE_STRICT_OBJC_MSGSEND = YES;
				GCC_C_LANGUAGE_STANDARD = gnu11;
				GCC_NO_COMMON_BLOCKS = YES;
				GCC_WARN_64_TO_32_BIT_CONVERSION = YES;
				GCC_WARN_ABOUT_RETURN_TYPE = YES_ERROR;
				GCC_WARN_UNDECLARED_SELECTOR = YES;
				GCC_WARN_UNINITIALIZED_AUTOS = YES_AGGRESSIVE;
				GCC_WARN_UNUSED_FUNCTION = YES;
				GCC_WARN_UNUSED_VARIABLE = YES;
				IPHONEOS_DEPLOYMENT_TARGET = 15.5;
				MTL_ENABLE_DEBUG_INFO = NO;
				MTL_FAST_MATH = YES;
				SDKROOT = iphoneos;
				SWIFT_COMPILATION_MODE = wholemodule;
				SWIFT_OPTIMIZATION_LEVEL = "-O";
				VALIDATE_PRODUCT = YES;
			};
			name = Release;
		};
		FAA03944288F0E7200DEF816 /* Debug */ = {
			isa = XCBuildConfiguration;
			buildSettings = {
				ASSETCATALOG_COMPILER_APPICON_NAME = AppIcon;
				ASSETCATALOG_COMPILER_GLOBAL_ACCENT_COLOR_NAME = AccentColor;
				CODE_SIGN_STYLE = Automatic;
				CURRENT_PROJECT_VERSION = 1;
				DEVELOPMENT_ASSET_PATHS = "\"Location/Preview Content\"";
				DEVELOPMENT_TEAM = 3PBAGT949Z;
				ENABLE_PREVIEWS = YES;
				GENERATE_INFOPLIST_FILE = YES;
				INFOPLIST_KEY_NSLocationAlwaysAndWhenInUseUsageDescription = "Cette App permet de geolocaliser l'utilisateur";
				INFOPLIST_KEY_NSLocationWhenInUseUsageDescription = "Cette App permet de geolocaliser l'utilisateur";
				INFOPLIST_KEY_UIApplicationSceneManifest_Generation = YES;
				INFOPLIST_KEY_UIApplicationSupportsIndirectInputEvents = YES;
				INFOPLIST_KEY_UILaunchScreen_Generation = YES;
				INFOPLIST_KEY_UISupportedInterfaceOrientations_iPad = "UIInterfaceOrientationPortrait UIInterfaceOrientationPortraitUpsideDown UIInterfaceOrientationLandscapeLeft UIInterfaceOrientationLandscapeRight";
				INFOPLIST_KEY_UISupportedInterfaceOrientations_iPhone = "UIInterfaceOrientationPortrait UIInterfaceOrientationLandscapeLeft UIInterfaceOrientationLandscapeRight";
				LD_RUNPATH_SEARCH_PATHS = (
					"$(inherited)",
					"@executable_path/Frameworks",
				);
				MARKETING_VERSION = 1.0;
				PRODUCT_BUNDLE_IDENTIFIER = sn.mooxalinsky.Location;
				PRODUCT_NAME = "$(TARGET_NAME)";
				SWIFT_EMIT_LOC_STRINGS = YES;
				SWIFT_VERSION = 5.0;
				TARGETED_DEVICE_FAMILY = "1,2";
			};
			name = Debug;
		};
		FAA03945288F0E7200DEF816 /* Release */ = {
			isa = XCBuildConfiguration;
			buildSettings = {
				ASSETCATALOG_COMPILER_APPICON_NAME = AppIcon;
				ASSETCATALOG_COMPILER_GLOBAL_ACCENT_COLOR_NAME = AccentColor;
				CODE_SIGN_STYLE = Automatic;
				CURRENT_PROJECT_VERSION = 1;
				DEVELOPMENT_ASSET_PATHS = "\"Location/Preview Content\"";
				DEVELOPMENT_TEAM = 3PBAGT949Z;
				ENABLE_PREVIEWS = YES;
				GENERATE_INFOPLIST_FILE = YES;
				INFOPLIST_KEY_NSLocationAlwaysAndWhenInUseUsageDescription = "Cette App permet de geolocaliser l'utilisateur";
				INFOPLIST_KEY_NSLocationWhenInUseUsageDescription = "Cette App permet de geolocaliser l'utilisateur";
				INFOPLIST_KEY_UIApplicationSceneManifest_Generation = YES;
				INFOPLIST_KEY_UIApplicationSupportsIndirectInputEvents = YES;
				INFOPLIST_KEY_UILaunchScreen_Generation = YES;
				INFOPLIST_KEY_UISupportedInterfaceOrientations_iPad = "UIInterfaceOrientationPortrait UIInterfaceOrientationPortraitUpsideDown UIInterfaceOrientationLandscapeLeft UIInterfaceOrientationLandscapeRight";
				INFOPLIST_KEY_UISupportedInterfaceOrientations_iPhone = "UIInterfaceOrientationPortrait UIInterfaceOrientationLandscapeLeft UIInterfaceOrientationLandscapeRight";
				LD_RUNPATH_SEARCH_PATHS = (
					"$(inherited)",
					"@executable_path/Frameworks",
				);
				MARKETING_VERSION = 1.0;
				PRODUCT_BUNDLE_IDENTIFIER = sn.mooxalinsky.Location;
				PRODUCT_NAME = "$(TARGET_NAME)";
				SWIFT_EMIT_LOC_STRINGS = YES;
				SWIFT_VERSION = 5.0;
				TARGETED_DEVICE_FAMILY = "1,2";
			};
			name = Release;
		};
/* End XCBuildConfiguration section */

/* Begin XCConfigurationList section */
		FAA03930288F0E6D00DEF816 /* Build configuration list for PBXProject "Location" */ = {
			isa = XCConfigurationList;
			buildConfigurations = (
				FAA03941288F0E7200DEF816 /* Debug */,
				FAA03942288F0E7200DEF816 /* Release */,
			);
			defaultConfigurationIsVisible = 0;
			defaultConfigurationName = Release;
		};
		FAA03943288F0E7200DEF816 /* Build configuration list for PBXNativeTarget "Location" */ = {
			isa = XCConfigurationList;
			buildConfigurations = (
				FAA03944288F0E7200DEF816 /* Debug */,
				FAA03945288F0E7200DEF816 /* Release */,
			);
			defaultConfigurationIsVisible = 0;
			defaultConfigurationName = Release;
		};
/* End XCConfigurationList section */
	};
	rootObject = FAA0392D288F0E6D00DEF816 /* Project object */;
}
